PODS:
  - SYParallaxScrollView (0.1.0)

DEPENDENCIES:
  - SYParallaxScrollView (from `../`)

EXTERNAL SOURCES:
  SYParallaxScrollView:
    :path: ../

SPEC CHECKSUMS:
  SYParallaxScrollView: 7605c96c338c9841a14a05129b534bfbb7a21b7d

PODFILE CHECKSUM: 1a909d71e1edc5bb9b54d73b74fbfa57ac7b09a6

COCOAPODS: 1.3.1
