// !$*UTF8*$!
{
	archiveVersion = 1;
	classes = {
	};
	objectVersion = 48;
	objects = {

/* Begin PBXBuildFile section */
		770C5CC7CE3F79DEC2C95103 /* Pods_exampleProject.framework in Frameworks */ = {isa = PBXBuildFile; fileRef = 0976DCF079EAEDB83AF3A7E7 /* Pods_exampleProject.framework */; };
		DECD4FDA1FD242C400675FD4 /* AppDelegate.swift in Sources */ = {isa = PBXBuildFile; fileRef = DECD4FD91FD242C400675FD4 /* AppDelegate.swift */; };
		DECD4FDC1FD242C400675FD4 /* ViewController.swift in Sources */ = {isa = PBXBuildFile; fileRef = DECD4FDB1FD242C400675FD4 /* ViewController.swift */; };
		DECD4FDF1FD242C400675FD4 /* Main.storyboard in Resources */ = {isa = PBXBuildFile; fileRef = DECD4FDD1FD242C400675FD4 /* Main.storyboard */; };
		DECD4FE11FD242C400675FD4 /* Assets.xcassets in Resources */ = {isa = PBXBuildFile; fileRef = DECD4FE01FD242C400675FD4 /* Assets.xcassets */; };
		DECD4FE41FD242C400675FD4 /* LaunchScreen.storyboard in Resources */ = {isa = PBXBuildFile; fileRef = DECD4FE21FD242C400675FD4 /* LaunchScreen.storyboard */; };
/* End PBXBuildFile section */

/* Begin PBXFileReference section */
		0976DCF079EAEDB83AF3A7E7 /* Pods_exampleProject.framework */ = {isa = PBXFileReference; explicitFileType = wrapper.framework; includeInIndex = 0; path = Pods_exampleProject.framework; sourceTree = BUILT_PRODUCTS_DIR; };
		1C989CB4B365F26268F9429B /* Pods-exampleProject.release.xcconfig */ = {isa = PBXFileReference; includeInIndex = 1; lastKnownFileType = text.xcconfig; name = "Pods-exampleProject.release.xcconfig"; path = "Pods/Target Support Files/Pods-exampleProject/Pods-exampleProject.release.xcconfig"; sourceTree = "<group>"; };
		5BA37EB460B11474A57B25F8 /* Pods-exampleProject.debug.xcconfig */ = {isa = PBXFileReference; includeInIndex = 1; lastKnownFileType = text.xcconfig; name = "Pods-exampleProject.debug.xcconfig"; path = "Pods/Target Support Files/Pods-exampleProject/Pods-exampleProject.debug.xcconfig"; sourceTree = "<group>"; };
		DECD4FD61FD242C400675FD4 /* exampleProject.app */ = {isa = PBXFileReference; explicitFileType = wrapper.application; includeInIndex = 0; path = exampleProject.app; sourceTree = BUILT_PRODUCTS_DIR; };
		DECD4FD91FD242C400675FD4 /* AppDelegate.swift */ = {isa = PBXFileReference; lastKnownFileType = sourcecode.swift; path = AppDelegate.swift; sourceTree = "<group>"; };
		DECD4FDB1FD242C400675FD4 /* ViewController.swift */ = {isa = PBXFileReference; lastKnownFileType = sourcecode.swift; path = ViewController.swift; sourceTree = "<group>"; };
		DECD4FDE1FD242C400675FD4 /* Base */ = {isa = PBXFileReference; lastKnownFileType = file.storyboard; name = Base; path = Base.lproj/Main.storyboard; sourceTree = "<group>"; };
		DECD4FE01FD242C400675FD4 /* Assets.xcassets */ = {isa = PBXFileReference; lastKnownFileType = folder.assetcatalog; path = Assets.xcassets; sourceTree = "<group>"; };
		DECD4FE31FD242C400675FD4 /* Base */ = {isa = PBXFileReference; lastKnownFileType = file.storyboard; name = Base; path = Base.lproj/LaunchScreen.storyboard; sourceTree = "<group>"; };
		DECD4FE51FD242C400675FD4 /* Info.plist */ = {isa = PBXFileReference; lastKnownFileType = text.plist.xml; path = Info.plist; sourceTree = "<group>"; };
/* End PBXFileReference section */

/* Begin PBXFrameworksBuildPhase section */
		DECD4FD31FD242C400675FD4 /* Frameworks */ = {
			isa = PBXFrameworksBuildPhase;
			buildActionMask = 2147483647;
			files = (
				770C5CC7CE3F79DEC2C95103 /* Pods_exampleProject.framework in Frameworks */,
			);
			runOnlyForDeploymentPostprocessing = 0;
		};
/* End PBXFrameworksBuildPhase section */

/* Begin PBXGroup section */
		2284D5A2DA9AF7EEB958BD27 /* Pods */ = {
			isa = PBXGroup;
			children = (
				5BA37EB460B11474A57B25F8 /* Pods-exampleProject.debug.xcconfig */,
				1C989CB4B365F26268F9429B /* Pods-exampleProject.release.xcconfig */,
			);
			name = Pods;
			sourceTree = "<group>";
		};
		DECD4FCD1FD242C400675FD4 = {
			isa = PBXGroup;
			children = (
				DECD4FD81FD242C400675FD4 /* exampleProject */,
				DECD4FD71FD242C400675FD4 /* Products */,
				2284D5A2DA9AF7EEB958BD27 /* Pods */,
				E203E3E6869DB9140E6EEDFB /* Frameworks */,
			);
			sourceTree = "<group>";
		};
		DECD4FD71FD242C400675FD4 /* Products */ = {
			isa = PBXGroup;
			children = (
				DECD4FD61FD242C400675FD4 /* exampleProject.app */,
			);
			name = Products;
			sourceTree = "<group>";
		};
		DECD4FD81FD242C400675FD4 /* exampleProject */ = {
			isa = PBXGroup;
			children = (
				DECD4FD91FD242C400675FD4 /* AppDelegate.swift */,
				DECD4FDB1FD242C400675FD4 /* ViewController.swift */,
				DECD4FDD1FD242C400675FD4 /* Main.storyboard */,
				DECD4FE01FD242C400675FD4 /* Assets.xcassets */,
				DECD4FE21FD242C400675FD4 /* LaunchScreen.storyboard */,
				DECD4FE51FD242C400675FD4 /* Info.plist */,
			);
			path = exampleProject;
			sourceTree = "<group>";
		};
		E203E3E6869DB9140E6EEDFB /* Frameworks */ = {
			isa = PBXGroup;
			children = (
				0976DCF079EAEDB83AF3A7E7 /* Pods_exampleProject.framework */,
			);
			name = Frameworks;
			sourceTree = "<group>";
		};
/* End PBXGroup section */

/* Begin PBXNativeTarget section */
		DECD4FD51FD242C400675FD4 /* exampleProject */ = {
			isa = PBXNativeTarget;
			buildConfigurationList = DECD4FE81FD242C400675FD4 /* Build configuration list for PBXNativeTarget "exampleProject" */;
			buildPhases = (
				03AD4C8A427156DB440B4438 /* [CP] Check Pods Manifest.lock */,
				DECD4FD21FD242C400675FD4 /* Sources */,
				DECD4FD31FD242C400675FD4 /* Frameworks */,
				DECD4FD41FD242C400675FD4 /* Resources */,
				25DC348E299AB31BD1B7FEDC /* [CP] Embed Pods Frameworks */,
				DBBFE98C2246DA4C27C04EDC /* [CP] Copy Pods Resources */,
			);
			buildRules = (
			);
			dependencies = (
			);
			name = exampleProject;
			productName = exampleProject;
			productReference = DECD4FD61FD242C400675FD4 /* exampleProject.app */;
			productType = "com.apple.product-type.application";
		};
/* End PBXNativeTarget section */

/* Begin PBXProject section */
		DECD4FCE1FD242C400675FD4 /* Project object */ = {
			isa = PBXProject;
			attributes = {
				LastSwiftUpdateCheck = 0910;
				LastUpgradeCheck = 0910;
				ORGANIZATIONNAME = SYParallaxScrollView;
				TargetAttributes = {
					DECD4FD51FD242C400675FD4 = {
						CreatedOnToolsVersion = 9.1;
						ProvisioningStyle = Automatic;
					};
				};
			};
			buildConfigurationList = DECD4FD11FD242C400675FD4 /* Build configuration list for PBXProject "exampleProject" */;
			compatibilityVersion = "Xcode 8.0";
			developmentRegion = en;
			hasScannedForEncodings = 0;
			knownRegions = (
				en,
				Base,
			);
			mainGroup = DECD4FCD1FD242C400675FD4;
			productRefGroup = DECD4FD71FD242C400675FD4 /* Products */;
			projectDirPath = "";
			projectRoot = "";
			targets = (
				DECD4FD51FD242C400675FD4 /* exampleProject */,
			);
		};
/* End PBXProject section */

/* Begin PBXResourcesBuildPhase section */
		DECD4FD41FD242C400675FD4 /* Resources */ = {
			isa = PBXResourcesBuildPhase;
			buildActionMask = 2147483647;
			files = (
				DECD4FE41FD242C400675FD4 /* LaunchScreen.storyboard in Resources */,
				DECD4FE11FD242C400675FD4 /* Assets.xcassets in Resources */,
				DECD4FDF1FD242C400675FD4 /* Main.storyboard in Resources */,
			);
			runOnlyForDeploymentPostprocessing = 0;
		};
/* End PBXResourcesBuildPhase section */

/* Begin PBXShellScriptBuildPhase section */
		03AD4C8A427156DB440B4438 /* [CP] Check Pods Manifest.lock */ = {
			isa = PBXShellScriptBuildPhase;
			buildActionMask = 2147483647;
			files = (
			);
			inputPaths = (
				"${PODS_PODFILE_DIR_PATH}/Podfile.lock",
				"${PODS_ROOT}/Manifest.lock",
			);
			name = "[CP] Check Pods Manifest.lock";
			outputPaths = (
				"$(DERIVED_FILE_DIR)/Pods-exampleProject-checkManifestLockResult.txt",
			);
			runOnlyForDeploymentPostprocessing = 0;
			shellPath = /bin/sh;
			shellScript = "diff \"${PODS_PODFILE_DIR_PATH}/Podfile.lock\" \"${PODS_ROOT}/Manifest.lock\" > /dev/null\nif [ $? != 0 ] ; then\n    # print error to STDERR\n    echo \"error: The sandbox is not in sync with the Podfile.lock. Run 'pod install' or update your CocoaPods installation.\" >&2\n    exit 1\nfi\n# This output is used by Xcode 'outputs' to avoid re-running this script phase.\necho \"SUCCESS\" > \"${SCRIPT_OUTPUT_FILE_0}\"\n";
			showEnvVarsInLog = 0;
		};
		25DC348E299AB31BD1B7FEDC /* [CP] Embed Pods Frameworks */ = {
			isa = PBXShellScriptBuildPhase;
			buildActionMask = 2147483647;
			files = (
			);
			inputPaths = (
				"${SRCROOT}/Pods/Target Support Files/Pods-exampleProject/Pods-exampleProject-frameworks.sh",
				"${BUILT_PRODUCTS_DIR}/SYParallaxScrollView/SYParallaxScrollView.framework",
			);
			name = "[CP] Embed Pods Frameworks";
			outputPaths = (
				"${TARGET_BUILD_DIR}/${FRAMEWORKS_FOLDER_PATH}/SYParallaxScrollView.framework",
			);
			runOnlyForDeploymentPostprocessing = 0;
			shellPath = /bin/sh;
			shellScript = "\"${SRCROOT}/Pods/Target Support Files/Pods-exampleProject/Pods-exampleProject-frameworks.sh\"\n";
			showEnvVarsInLog = 0;
		};
		DBBFE98C2246DA4C27C04EDC /* [CP] Copy Pods Resources */ = {
			isa = PBXShellScriptBuildPhase;
			buildActionMask = 2147483647;
			files = (
			);
			inputPaths = (
			);
			name = "[CP] Copy Pods Resources";
			outputPaths = (
			);
			runOnlyForDeploymentPostprocessing = 0;
			shellPath = /bin/sh;
			shellScript = "\"${SRCROOT}/Pods/Target Support Files/Pods-exampleProject/Pods-exampleProject-resources.sh\"\n";
			showEnvVarsInLog = 0;
		};
/* End PBXShellScriptBuildPhase section */

/* Begin PBXSourcesBuildPhase section */
		DECD4FD21FD242C400675FD4 /* Sources */ = {
			isa = PBXSourcesBuildPhase;
			buildActionMask = 2147483647;
			files = (
				DECD4FDC1FD242C400675FD4 /* ViewController.swift in Sources */,
				DECD4FDA1FD242C400675FD4 /* AppDelegate.swift in Sources */,
			);
			runOnlyForDeploymentPostprocessing = 0;
		};
/* End PBXSourcesBuildPhase section */

/* Begin PBXVariantGroup section */
		DECD4FDD1FD242C400675FD4 /* Main.storyboard */ = {
			isa = PBXVariantGroup;
			children = (
				DECD4FDE1FD242C400675FD4 /* Base */,
			);
			name = Main.storyboard;
			sourceTree = "<group>";
		};
		DECD4FE21FD242C400675FD4 /* LaunchScreen.storyboard */ = {
			isa = PBXVariantGroup;
			children = (
				DECD4FE31FD242C400675FD4 /* Base */,
			);
			name = LaunchScreen.storyboard;
			sourceTree = "<group>";
		};
/* End PBXVariantGroup section */

/* Begin XCBuildConfiguration section */
		DECD4FE61FD242C400675FD4 /* Debug */ = {
			isa = XCBuildConfiguration;
			buildSettings = {
				ALWAYS_SEARCH_USER_PATHS = NO;
				CLANG_ANALYZER_NONNULL = YES;
				CLANG_ANALYZER_NUMBER_OBJECT_CONVERSION = YES_AGGRESSIVE;
				CLANG_CXX_LANGUAGE_STANDARD = "gnu++14";
				CLANG_CXX_LIBRARY = "libc++";
				CLANG_ENABLE_MODULES = YES;
				CLANG_ENABLE_OBJC_ARC = YES;
				CLANG_WARN_BLOCK_CAPTURE_AUTORELEASING = YES;
				CLANG_WARN_BOOL_CONVERSION = YES;
				CLANG_WARN_COMMA = YES;
				CLANG_WARN_CONSTANT_CONVERSION = YES;
				CLANG_WARN_DIRECT_OBJC_ISA_USAGE = YES_ERROR;
				CLANG_WARN_DOCUMENTATION_COMMENTS = YES;
				CLANG_WARN_EMPTY_BODY = YES;
				CLANG_WARN_ENUM_CONVERSION = YES;
				CLANG_WARN_INFINITE_RECURSION = YES;
				CLANG_WARN_INT_CONVERSION = YES;
				CLANG_WARN_NON_LITERAL_NULL_CONVERSION = YES;
				CLANG_WARN_OBJC_LITERAL_CONVERSION = YES;
				CLANG_WARN_OBJC_ROOT_CLASS = YES_ERROR;
				CLANG_WARN_RANGE_LOOP_ANALYSIS = YES;
				CLANG_WARN_STRICT_PROTOTYPES = YES;
				CLANG_WARN_SUSPICIOUS_MOVE = YES;
				CLANG_WARN_UNGUARDED_AVAILABILITY = YES_AGGRESSIVE;
				CLANG_WARN_UNREACHABLE_CODE = YES;
				CLANG_WARN__DUPLICATE_METHOD_MATCH = YES;
				CODE_SIGN_IDENTITY = "iPhone Developer";
				COPY_PHASE_STRIP = NO;
				DEBUG_INFORMATION_FORMAT = dwarf;
				ENABLE_STRICT_OBJC_MSGSEND = YES;
				ENABLE_TESTABILITY = YES;
				GCC_C_LANGUAGE_STANDARD = gnu11;
				GCC_DYNAMIC_NO_PIC = NO;
				GCC_NO_COMMON_BLOCKS = YES;
				GCC_OPTIMIZATION_LEVEL = 0;
				GCC_PREPROCESSOR_DEFINITIONS = (
					"DEBUG=1",
					"$(inherited)",
				);
				GCC_WARN_64_TO_32_BIT_CONVERSION = YES;
				GCC_WARN_ABOUT_RETURN_TYPE = YES_ERROR;
				GCC_WARN_UNDECLARED_SELECTOR = YES;
				GCC_WARN_UNINITIALIZED_AUTOS = YES_AGGRESSIVE;
				GCC_WARN_UNUSED_FUNCTION = YES;
				GCC_WARN_UNUSED_VARIABLE = YES;
				IPHONEOS_DEPLOYMENT_TARGET = 11.1;
				MTL_ENABLE_DEBUG_INFO = YES;
				ONLY_ACTIVE_ARCH = YES;
				SDKROOT = iphoneos;
				SWIFT_ACTIVE_COMPILATION_CONDITIONS = DEBUG;
				SWIFT_OPTIMIZATION_LEVEL = "-Onone";
			};
			name = Debug;
		};
		DECD4FE71FD242C400675FD4 /* Release */ = {
			isa = XCBuildConfiguration;
			buildSettings = {
				ALWAYS_SEARCH_USER_PATHS = NO;
				CLANG_ANALYZER_NONNULL = YES;
				CLANG_ANALYZER_NUMBER_OBJECT_CONVERSION = YES_AGGRESSIVE;
				CLANG_CXX_LANGUAGE_STANDARD = "gnu++14";
				CLANG_CXX_LIBRARY = "libc++";
				CLANG_ENABLE_MODULES = YES;
				CLANG_ENABLE_OBJC_ARC = YES;
				CLANG_WARN_BLOCK_CAPTURE_AUTORELEASING = YES;
				CLANG_WARN_BOOL_CONVERSION = YES;
				CLANG_WARN_COMMA = YES;
				CLANG_WARN_CONSTANT_CONVERSION = YES;
				CLANG_WARN_DIRECT_OBJC_ISA_USAGE = YES_ERROR;
				CLANG_WARN_DOCUMENTATION_COMMENTS = YES;
				CLANG_WARN_EMPTY_BODY = YES;
				CLANG_WARN_ENUM_CONVERSION = YES;
				CLANG_WARN_INFINITE_RECURSION = YES;
				CLANG_WARN_INT_CONVERSION = YES;
				CLANG_WARN_NON_LITERAL_NULL_CONVERSION = YES;
				CLANG_WARN_OBJC_LITERAL_CONVERSION = YES;
				CLANG_WARN_OBJC_ROOT_CLASS = YES_ERROR;
				CLANG_WARN_RANGE_LOOP_ANALYSIS = YES;
				CLANG_WARN_STRICT_PROTOTYPES = YES;
				CLANG_WARN_SUSPICIOUS_MOVE = YES;
				CLANG_WARN_UNGUARDED_AVAILABILITY = YES_AGGRESSIVE;
				CLANG_WARN_UNREACHABLE_CODE = YES;
				CLANG_WARN__DUPLICATE_METHOD_MATCH = YES;
				CODE_SIGN_IDENTITY = "iPhone Developer";
				COPY_PHASE_STRIP = NO;
				DEBUG_INFORMATION_FORMAT = "dwarf-with-dsym";
				ENABLE_NS_ASSERTIONS = NO;
				ENABLE_STRICT_OBJC_MSGSEND = YES;
				GCC_C_LANGUAGE_STANDARD = gnu11;
				GCC_NO_COMMON_BLOCKS = YES;
				GCC_WARN_64_TO_32_BIT_CONVERSION = YES;
				GCC_WARN_ABOUT_RETURN_TYPE = YES_ERROR;
				GCC_WARN_UNDECLARED_SELECTOR = YES;
				GCC_WARN_UNINITIALIZED_AUTOS = YES_AGGRESSIVE;
				GCC_WARN_UNUSED_FUNCTION = YES;
				GCC_WARN_UNUSED_VARIABLE = YES;
				IPHONEOS_DEPLOYMENT_TARGET = 11.1;
				MTL_ENABLE_DEBUG_INFO = NO;
				SDKROOT = iphoneos;
				SWIFT_OPTIMIZATION_LEVEL = "-Owholemodule";
				VALIDATE_PRODUCT = YES;
			};
			name = Release;
		};
		DECD4FE91FD242C400675FD4 /* Debug */ = {
			isa = XCBuildConfiguration;
			baseConfigurationReference = 5BA37EB460B11474A57B25F8 /* Pods-exampleProject.debug.xcconfig */;
			buildSettings = {
				ASSETCATALOG_COMPILER_APPICON_NAME = AppIcon;
				CODE_SIGN_STYLE = Automatic;
				INFOPLIST_FILE = exampleProject/Info.plist;
				LD_RUNPATH_SEARCH_PATHS = "$(inherited) @executable_path/Frameworks";
				PRODUCT_BUNDLE_IDENTIFIER = SYParallaxScrollView.exampleProject;
				PRODUCT_NAME = "$(TARGET_NAME)";
				SWIFT_VERSION = 4.0;
				TARGETED_DEVICE_FAMILY = "1,2";
			};
			name = Debug;
		};
		DECD4FEA1FD242C400675FD4 /* Release */ = {
			isa = XCBuildConfiguration;
			baseConfigurationReference = 1C989CB4B365F26268F9429B /* Pods-exampleProject.release.xcconfig */;
			buildSettings = {
				ASSETCATALOG_COMPILER_APPICON_NAME = AppIcon;
				CODE_SIGN_STYLE = Automatic;
				INFOPLIST_FILE = exampleProject/Info.plist;
				LD_RUNPATH_SEARCH_PATHS = "$(inherited) @executable_path/Frameworks";
				PRODUCT_BUNDLE_IDENTIFIER = SYParallaxScrollView.exampleProject;
				PRODUCT_NAME = "$(TARGET_NAME)";
				SWIFT_VERSION = 4.0;
				TARGETED_DEVICE_FAMILY = "1,2";
			};
			name = Release;
		};
/* End XCBuildConfiguration section */

/* Begin XCConfigurationList section */
		DECD4FD11FD242C400675FD4 /* Build configuration list for PBXProject "exampleProject" */ = {
			isa = XCConfigurationList;
			buildConfigurations = (
				DECD4FE61FD242C400675FD4 /* Debug */,
				DECD4FE71FD242C400675FD4 /* Release */,
			);
			defaultConfigurationIsVisible = 0;
			defaultConfigurationName = Release;
		};
		DECD4FE81FD242C400675FD4 /* Build configuration list for PBXNativeTarget "exampleProject" */ = {
			isa = XCConfigurationList;
			buildConfigurations = (
				DECD4FE91FD242C400675FD4 /* Debug */,
				DECD4FEA1FD242C400675FD4 /* Release */,
			);
			defaultConfigurationIsVisible = 0;
			defaultConfigurationName = Release;
		};
/* End XCConfigurationList section */
	};
	rootObject = DECD4FCE1FD242C400675FD4 /* Project object */;
}
